{
    "doctrine/annotations": {
        "version": "1.14",
        "recipe": {
            "repo": "github.com/symfony/recipes",
            "branch": "main",
            "version": "1.10",
            "ref": "64d8583af5ea57b7afa4aba4b159907f3a148b05"
        }
    },
    "doctrine/deprecations": {
        "version": "1.1",
        "recipe": {
            "version": "1.0"
        }
    },
    "doctrine/doctrine-bundle": {
        "version": "2.18.2"
    },
    "nelmio/cors-bundle": {
        "version": "2.6",
        "recipe": {
            "repo": "github.com/symfony/recipes",
            "branch": "main",
            "version": "1.5",
            "ref": "6bea22e6c564fba3a1391615cada1437d0bde39c"
        },
        "files": [
            "config/packages/nelmio_cors.yaml"
        ]
    },
    "phpunit/phpunit": {
        "version": "9.6",
        "recipe": {
            "version": "9.6"
        }
    },
    "symfony/console": {
        "version": "6.4",
        "recipe": {
            "version": "5.3"
        }
    },
    "symfony/flex": {
        "version": "2.10",
        "recipe": {
            "version": "2.4"
        }
    },
    "symfony/framework-bundle": {
        "version": "v6.4.33"
    },
    "symfony/maker-bundle": {
        "version": "v1.66.0"
    },
    "symfony/routing": {
        "version": "6.4",
        "recipe": {
            "version": "6.2"
        }
    }
}
